
Microsoft Visual Studio Solution File, Format Version 12.00
# Visual Studio 2012
Project("{8BC9CEB8-8B4A-11D0-8D11-00A0C91BC942}") = "mp2-lab9-Tables", "mp2-lab9-Tables\mp2-lab9-Tables.vcxproj", "{6D73D307-9378-49DE-A724-9B75BF5AA510}"
EndProject
Global
	GlobalSection(SolutionConfigurationPlatforms) = preSolution
		Debug|Win32 = Debug|Win32
		Release|Win32 = Release|Win32
	EndGlobalSection
	GlobalSection(ProjectConfigurationPlatforms) = postSolution
		{6D73D307-9378-49DE-A724-9B75BF5AA510}.Debug|Win32.ActiveCfg = Debug|Win32
		{6D73D307-9378-49DE-A724-9B75BF5AA510}.Debug|Win32.Build.0 = Debug|Win32
		{6D73D307-9378-49DE-A724-9B75BF5AA510}.Release|Win32.ActiveCfg = Release|Win32
		{6D73D307-9378-49DE-A724-9B75BF5AA510}.Release|Win32.Build.0 = Release|Win32
	EndGlobalSection
	GlobalSection(SolutionProperties) = preSolution
		HideSolutionNode = FALSE
	EndGlobalSection
EndGlobal
